FORGE
  remote: http://forge.puppetlabs.com
  specs:
    maestrodev-ssh_keygen (1.2.0)
    maestrodev-wget (1.5.7)
    puppetlabs-apt (1.8.0)
      puppetlabs-stdlib (>= 2.2.1)
    puppetlabs-stdlib (4.5.1)
    puppetlabs-vcsrepo (1.2.0)
    willdurand-nodejs (1.8.5)
      maestrodev-wget (>= 1.2.0)
      puppetlabs-stdlib (>= 3.2.1)

DEPENDENCIES
  maestrodev-ssh_keygen (>= 0)
  puppetlabs-apt (>= 0)
  puppetlabs-stdlib (>= 0)
  puppetlabs-vcsrepo (>= 0)
  willdurand-nodejs (>= 0)

